# This file is automatically @generated by pesde.
# It is not intended for manual editing.
format = 2
name = "ernisto/ro_sync"
version = "0.1.0-alpha.1"
target = "lune"

[graph."ernisto/ro_cloud@0.1.0-alpha.13 lune"]
direct = ["ro_cloud", { name = "ernisto/ro_cloud", version = "=0.1.0-alpha.13", index = "default" }, "standard"]

[graph."ernisto/ro_cloud@0.1.0-alpha.13 lune".dependencies]
base64 = ["synpixel/base64@3.0.1 lune", "standard"]

[graph."ernisto/ro_cloud@0.1.0-alpha.13 lune".pkg_ref]
ref_ty = "pesde"
index_url = "https://github.com/pesde-pkg/index"

[graph."ernisto/ro_cloud@0.1.0-alpha.13 lune".pkg_ref.dependencies]
base64 = [{ name = "synpixel/base64", version = "^3.0.1", index = "https://github.com/pesde-pkg/index" }, "standard"]

[graph."synpixel/base64@3.0.1 lune".pkg_ref]
ref_ty = "pesde"
index_url = "https://github.com/pesde-pkg/index"
